
Microsoft Visual Studio Solution File, Format Version 12.00
# Visual Studio Version 16
VisualStudioVersion = 16.0.30611.23
MinimumVisualStudioVersion = 10.0.40219.1
Project("{FAE04EC0-301F-11D3-BF4B-00C04F79EFBC}") = "EFTest", "EFTest\EFTest.csproj", "{428766E6-C15B-41D6-822A-B71C0942E78D}"
EndProject
Global
	GlobalSection(SolutionConfigurationPlatforms) = preSolution
		Debug|Any CPU = Debug|Any CPU
		Release|Any CPU = Release|Any CPU
	EndGlobalSection
	GlobalSection(ProjectConfigurationPlatforms) = postSolution
		{428766E6-C15B-41D6-822A-B71C0942E78D}.Debug|Any CPU.ActiveCfg = Debug|Any CPU
		{428766E6-C15B-41D6-822A-B71C0942E78D}.Debug|Any CPU.Build.0 = Debug|Any CPU
		{428766E6-C15B-41D6-822A-B71C0942E78D}.Release|Any CPU.ActiveCfg = Release|Any CPU
		{428766E6-C15B-41D6-822A-B71C0942E78D}.Release|Any CPU.Build.0 = Release|Any CPU
	EndGlobalSection
	GlobalSection(SolutionProperties) = preSolution
		HideSolutionNode = FALSE
	EndGlobalSection
	GlobalSection(ExtensibilityGlobals) = postSolution
		SolutionGuid = {6F6913C1-A537-4413-95E9-B2130DDA9D6E}
	EndGlobalSection
EndGlobal
